dependencies:
  espressif/cmake_utilities:
    component_hash: 351350613ceafba240b761b4ea991e0f231ac7a9f59a9ee901f751bddc0bb18f
    dependencies:
    - name: idf
      require: private
      version: '>=4.1'
    source:
      registry_url: https://components.espressif.com/
      type: service
    version: 0.5.3
  espressif/esp_modem:
    component_hash: 44a661e55cb7ea15a97152b1a5594bb764906cf79e03916f00d47aabccbb24c5
    dependencies:
    - name: idf
      require: private
      version: '>=4.1'
    source:
      registry_url: https://components.espressif.com
      type: service
    version: 1.2.0
  espressif/iot_bridge:
    component_hash: 534ef7d20b1b72cb170b7cdc7ee0ab1275a281692d3191bdfc8658a1f34591e9
    dependencies:
    - name: idf
      registry_url: https://components.espressif.com
      require: private
      version: '>=5.0'
    - name: espressif/esp_modem
      registry_url: https://components.espressif.com
      require: private
      rules:
      - if: target not in [esp32s2, esp32s3]
      version: 1.*
    - name: espressif/cmake_utilities
      registry_url: https://components.espressif.com
      require: private
      version: 0.*
    source:
      registry_url: https://components.espressif.com/
      type: service
    version: 0.11.7
  idf:
    source:
      type: idf
    version: 5.2.2
direct_dependencies:
- espressif/cmake_utilities
- espressif/iot_bridge
- idf
manifest_hash: c8fd8328c938c844b1d10c7a1d99d1520cfe79e8df397acdcee6bbfbeb4afbe6
target: esp32
version: 2.0.0
